
Microsoft Visual Studio Solution File, Format Version 12.00
# Visual Studio 15
VisualStudioVersion = 15.0.26730.12
MinimumVisualStudioVersion = 10.0.40219.1
Project("{FAE04EC0-301F-11D3-BF4B-00C04F79EFBC}") = "dbConnection", "MasterAndTheme\dbConnection.csproj", "{86C8D512-2042-4A3A-97FF-E4351C877A56}"
EndProject
Global
	GlobalSection(SolutionConfigurationPlatforms) = preSolution
		Debug|Any CPU = Debug|Any CPU
		Release|Any CPU = Release|Any CPU
	EndGlobalSection
	GlobalSection(ProjectConfigurationPlatforms) = postSolution
		{86C8D512-2042-4A3A-97FF-E4351C877A56}.Debug|Any CPU.ActiveCfg = Debug|Any CPU
		{86C8D512-2042-4A3A-97FF-E4351C877A56}.Debug|Any CPU.Build.0 = Debug|Any CPU
		{86C8D512-2042-4A3A-97FF-E4351C877A56}.Release|Any CPU.ActiveCfg = Release|Any CPU
		{86C8D512-2042-4A3A-97FF-E4351C877A56}.Release|Any CPU.Build.0 = Release|Any CPU
	EndGlobalSection
	GlobalSection(SolutionProperties) = preSolution
		HideSolutionNode = FALSE
	EndGlobalSection
	GlobalSection(ExtensibilityGlobals) = postSolution
		SolutionGuid = {930517FF-1104-43C4-9F7F-D41097D8490D}
	EndGlobalSection
EndGlobal
